
Microsoft Visual Studio Solution File, Format Version 12.00
# Visual Studio 15
VisualStudioVersion = 15.0.26124.0
MinimumVisualStudioVersion = 15.0.26124.0
Project("{2150E333-8FDC-42A3-9474-1A3956D46DE8}") = "src", "src", "{39F89DC2-F36D-4BF9-A755-B49B1F6AED42}"
EndProject
Project("{FAE04EC0-301F-11D3-BF4B-00C04F79EFBC}") = "api", "src\uhlig.carteira.api\api.csproj", "{269FDC82-6B0D-4C23-9A48-C14584F5168F}"
EndProject
Project("{FAE04EC0-301F-11D3-BF4B-00C04F79EFBC}") = "domain", "src\uhlig.carteira.domain\domain.csproj", "{B1D95346-D3FC-4FB6-9F43-7A7086219EE1}"
EndProject
Project("{FAE04EC0-301F-11D3-BF4B-00C04F79EFBC}") = "infra.crosscutting", "src\uhlig.carteira.infra.crosscutting\infra.crosscutting.csproj", "{0F69F9A1-2F85-4B11-A0C1-C172B751A920}"
EndProject
Project("{FAE04EC0-301F-11D3-BF4B-00C04F79EFBC}") = "infra.data", "src\uhlig.carteira.infra.data\infra.data.csproj", "{18A4270F-2FDF-4F61-92F9-DBB28A952E30}"
EndProject
Project("{FAE04EC0-301F-11D3-BF4B-00C04F79EFBC}") = "service", "src\uhlig.carteira.service\service.csproj", "{6439DE7F-0940-41E2-885D-2F8554E0F055}"
EndProject
Global
	GlobalSection(SolutionConfigurationPlatforms) = preSolution
		Debug|Any CPU = Debug|Any CPU
		Debug|x64 = Debug|x64
		Debug|x86 = Debug|x86
		Release|Any CPU = Release|Any CPU
		Release|x64 = Release|x64
		Release|x86 = Release|x86
	EndGlobalSection
	GlobalSection(SolutionProperties) = preSolution
		HideSolutionNode = FALSE
	EndGlobalSection
	GlobalSection(ProjectConfigurationPlatforms) = postSolution
		{269FDC82-6B0D-4C23-9A48-C14584F5168F}.Debug|Any CPU.ActiveCfg = Debug|Any CPU
		{269FDC82-6B0D-4C23-9A48-C14584F5168F}.Debug|Any CPU.Build.0 = Debug|Any CPU
		{269FDC82-6B0D-4C23-9A48-C14584F5168F}.Debug|x64.ActiveCfg = Debug|Any CPU
		{269FDC82-6B0D-4C23-9A48-C14584F5168F}.Debug|x64.Build.0 = Debug|Any CPU
		{269FDC82-6B0D-4C23-9A48-C14584F5168F}.Debug|x86.ActiveCfg = Debug|Any CPU
		{269FDC82-6B0D-4C23-9A48-C14584F5168F}.Debug|x86.Build.0 = Debug|Any CPU
		{269FDC82-6B0D-4C23-9A48-C14584F5168F}.Release|Any CPU.ActiveCfg = Release|Any CPU
		{269FDC82-6B0D-4C23-9A48-C14584F5168F}.Release|Any CPU.Build.0 = Release|Any CPU
		{269FDC82-6B0D-4C23-9A48-C14584F5168F}.Release|x64.ActiveCfg = Release|Any CPU
		{269FDC82-6B0D-4C23-9A48-C14584F5168F}.Release|x64.Build.0 = Release|Any CPU
		{269FDC82-6B0D-4C23-9A48-C14584F5168F}.Release|x86.ActiveCfg = Release|Any CPU
		{269FDC82-6B0D-4C23-9A48-C14584F5168F}.Release|x86.Build.0 = Release|Any CPU
		{B1D95346-D3FC-4FB6-9F43-7A7086219EE1}.Debug|Any CPU.ActiveCfg = Debug|Any CPU
		{B1D95346-D3FC-4FB6-9F43-7A7086219EE1}.Debug|Any CPU.Build.0 = Debug|Any CPU
		{B1D95346-D3FC-4FB6-9F43-7A7086219EE1}.Debug|x64.ActiveCfg = Debug|Any CPU
		{B1D95346-D3FC-4FB6-9F43-7A7086219EE1}.Debug|x64.Build.0 = Debug|Any CPU
		{B1D95346-D3FC-4FB6-9F43-7A7086219EE1}.Debug|x86.ActiveCfg = Debug|Any CPU
		{B1D95346-D3FC-4FB6-9F43-7A7086219EE1}.Debug|x86.Build.0 = Debug|Any CPU
		{B1D95346-D3FC-4FB6-9F43-7A7086219EE1}.Release|Any CPU.ActiveCfg = Release|Any CPU
		{B1D95346-D3FC-4FB6-9F43-7A7086219EE1}.Release|Any CPU.Build.0 = Release|Any CPU
		{B1D95346-D3FC-4FB6-9F43-7A7086219EE1}.Release|x64.ActiveCfg = Release|Any CPU
		{B1D95346-D3FC-4FB6-9F43-7A7086219EE1}.Release|x64.Build.0 = Release|Any CPU
		{B1D95346-D3FC-4FB6-9F43-7A7086219EE1}.Release|x86.ActiveCfg = Release|Any CPU
		{B1D95346-D3FC-4FB6-9F43-7A7086219EE1}.Release|x86.Build.0 = Release|Any CPU
		{0F69F9A1-2F85-4B11-A0C1-C172B751A920}.Debug|Any CPU.ActiveCfg = Debug|Any CPU
		{0F69F9A1-2F85-4B11-A0C1-C172B751A920}.Debug|Any CPU.Build.0 = Debug|Any CPU
		{0F69F9A1-2F85-4B11-A0C1-C172B751A920}.Debug|x64.ActiveCfg = Debug|Any CPU
		{0F69F9A1-2F85-4B11-A0C1-C172B751A920}.Debug|x64.Build.0 = Debug|Any CPU
		{0F69F9A1-2F85-4B11-A0C1-C172B751A920}.Debug|x86.ActiveCfg = Debug|Any CPU
		{0F69F9A1-2F85-4B11-A0C1-C172B751A920}.Debug|x86.Build.0 = Debug|Any CPU
		{0F69F9A1-2F85-4B11-A0C1-C172B751A920}.Release|Any CPU.ActiveCfg = Release|Any CPU
		{0F69F9A1-2F85-4B11-A0C1-C172B751A920}.Release|Any CPU.Build.0 = Release|Any CPU
		{0F69F9A1-2F85-4B11-A0C1-C172B751A920}.Release|x64.ActiveCfg = Release|Any CPU
		{0F69F9A1-2F85-4B11-A0C1-C172B751A920}.Release|x64.Build.0 = Release|Any CPU
		{0F69F9A1-2F85-4B11-A0C1-C172B751A920}.Release|x86.ActiveCfg = Release|Any CPU
		{0F69F9A1-2F85-4B11-A0C1-C172B751A920}.Release|x86.Build.0 = Release|Any CPU
		{18A4270F-2FDF-4F61-92F9-DBB28A952E30}.Debug|Any CPU.ActiveCfg = Debug|Any CPU
		{18A4270F-2FDF-4F61-92F9-DBB28A952E30}.Debug|Any CPU.Build.0 = Debug|Any CPU
		{18A4270F-2FDF-4F61-92F9-DBB28A952E30}.Debug|x64.ActiveCfg = Debug|Any CPU
		{18A4270F-2FDF-4F61-92F9-DBB28A952E30}.Debug|x64.Build.0 = Debug|Any CPU
		{18A4270F-2FDF-4F61-92F9-DBB28A952E30}.Debug|x86.ActiveCfg = Debug|Any CPU
		{18A4270F-2FDF-4F61-92F9-DBB28A952E30}.Debug|x86.Build.0 = Debug|Any CPU
		{18A4270F-2FDF-4F61-92F9-DBB28A952E30}.Release|Any CPU.ActiveCfg = Release|Any CPU
		{18A4270F-2FDF-4F61-92F9-DBB28A952E30}.Release|Any CPU.Build.0 = Release|Any CPU
		{18A4270F-2FDF-4F61-92F9-DBB28A952E30}.Release|x64.ActiveCfg = Release|Any CPU
		{18A4270F-2FDF-4F61-92F9-DBB28A952E30}.Release|x64.Build.0 = Release|Any CPU
		{18A4270F-2FDF-4F61-92F9-DBB28A952E30}.Release|x86.ActiveCfg = Release|Any CPU
		{18A4270F-2FDF-4F61-92F9-DBB28A952E30}.Release|x86.Build.0 = Release|Any CPU
		{6439DE7F-0940-41E2-885D-2F8554E0F055}.Debug|Any CPU.ActiveCfg = Debug|Any CPU
		{6439DE7F-0940-41E2-885D-2F8554E0F055}.Debug|Any CPU.Build.0 = Debug|Any CPU
		{6439DE7F-0940-41E2-885D-2F8554E0F055}.Debug|x64.ActiveCfg = Debug|Any CPU
		{6439DE7F-0940-41E2-885D-2F8554E0F055}.Debug|x64.Build.0 = Debug|Any CPU
		{6439DE7F-0940-41E2-885D-2F8554E0F055}.Debug|x86.ActiveCfg = Debug|Any CPU
		{6439DE7F-0940-41E2-885D-2F8554E0F055}.Debug|x86.Build.0 = Debug|Any CPU
		{6439DE7F-0940-41E2-885D-2F8554E0F055}.Release|Any CPU.ActiveCfg = Release|Any CPU
		{6439DE7F-0940-41E2-885D-2F8554E0F055}.Release|Any CPU.Build.0 = Release|Any CPU
		{6439DE7F-0940-41E2-885D-2F8554E0F055}.Release|x64.ActiveCfg = Release|Any CPU
		{6439DE7F-0940-41E2-885D-2F8554E0F055}.Release|x64.Build.0 = Release|Any CPU
		{6439DE7F-0940-41E2-885D-2F8554E0F055}.Release|x86.ActiveCfg = Release|Any CPU
		{6439DE7F-0940-41E2-885D-2F8554E0F055}.Release|x86.Build.0 = Release|Any CPU
	EndGlobalSection
	GlobalSection(NestedProjects) = preSolution
		{269FDC82-6B0D-4C23-9A48-C14584F5168F} = {39F89DC2-F36D-4BF9-A755-B49B1F6AED42}
		{B1D95346-D3FC-4FB6-9F43-7A7086219EE1} = {39F89DC2-F36D-4BF9-A755-B49B1F6AED42}
		{0F69F9A1-2F85-4B11-A0C1-C172B751A920} = {39F89DC2-F36D-4BF9-A755-B49B1F6AED42}
		{18A4270F-2FDF-4F61-92F9-DBB28A952E30} = {39F89DC2-F36D-4BF9-A755-B49B1F6AED42}
		{6439DE7F-0940-41E2-885D-2F8554E0F055} = {39F89DC2-F36D-4BF9-A755-B49B1F6AED42}
	EndGlobalSection
EndGlobal
