
Microsoft Visual Studio Solution File, Format Version 12.00
# Visual Studio Version 16
VisualStudioVersion = 16.0.30114.105
MinimumVisualStudioVersion = 10.0.40219.1
Project("{2150E333-8FDC-42A3-9474-1A3956D46DE8}") = "src", "src", "{4E5AC0ED-F019-40D0-95FE-AAEA8507D669}"
EndProject
Project("{FAE04EC0-301F-11D3-BF4B-00C04F79EFBC}") = "api", "src\uhlig.carteira.api\api.csproj", "{78E962C5-7F89-44A1-B35F-46A96CDD90D4}"
EndProject
Project("{FAE04EC0-301F-11D3-BF4B-00C04F79EFBC}") = "domain", "src\uhlig.carteira.domain\domain.csproj", "{E836C613-FE7A-4723-BE9A-10C2E93B252A}"
EndProject
Project("{FAE04EC0-301F-11D3-BF4B-00C04F79EFBC}") = "infra.crosscutting", "src\uhlig.carteira.infra.crosscutting\infra.crosscutting.csproj", "{59D39753-8C85-4EBC-AC25-6213501D58FE}"
EndProject
Project("{FAE04EC0-301F-11D3-BF4B-00C04F79EFBC}") = "infra.data", "src\uhlig.carteira.infra.data\infra.data.csproj", "{60126B0C-3CD5-4440-A08C-8D65B0C0378D}"
EndProject
Project("{FAE04EC0-301F-11D3-BF4B-00C04F79EFBC}") = "service", "src\uhlig.carteira.service\service.csproj", "{1E763F4C-394A-4773-B4E9-36F835722542}"
EndProject
Project("{2150E333-8FDC-42A3-9474-1A3956D46DE8}") = "sdk", "sdk", "{D9CCAA08-DB55-4C57-ABE5-46FFFF9A6E00}"
EndProject
Project("{FAE04EC0-301F-11D3-BF4B-00C04F79EFBC}") = "api", "sdk\uhlig.sdk.api\api.csproj", "{231D07A4-C52F-413A-A566-934E7A00B6B3}"
EndProject
Project("{FAE04EC0-301F-11D3-BF4B-00C04F79EFBC}") = "domain", "sdk\uhlig.sdk.domain\domain.csproj", "{2E3E262A-606E-46A3-A5C6-815CEC46A6B9}"
EndProject
Project("{FAE04EC0-301F-11D3-BF4B-00C04F79EFBC}") = "infra.crosscutting", "sdk\uhlig.sdk.infra.crosscutting\infra.crosscutting.csproj", "{FF38E278-7FA6-43C3-8E49-3B31CA724D6F}"
EndProject
Project("{FAE04EC0-301F-11D3-BF4B-00C04F79EFBC}") = "infra.data", "sdk\uhlig.sdk.infra.data\infra.data.csproj", "{CFF9E28B-688B-45FE-A6A8-1F2CDD22587C}"
EndProject
Project("{FAE04EC0-301F-11D3-BF4B-00C04F79EFBC}") = "service", "sdk\uhlig.sdk.service\service.csproj", "{00804958-BCCA-4644-9E09-3D6F03169937}"
EndProject
Global
	GlobalSection(SolutionConfigurationPlatforms) = preSolution
		Debug|Any CPU = Debug|Any CPU
		Release|Any CPU = Release|Any CPU
	EndGlobalSection
	GlobalSection(SolutionProperties) = preSolution
		HideSolutionNode = FALSE
	EndGlobalSection
	GlobalSection(ProjectConfigurationPlatforms) = postSolution
		{78E962C5-7F89-44A1-B35F-46A96CDD90D4}.Debug|Any CPU.ActiveCfg = Debug|Any CPU
		{78E962C5-7F89-44A1-B35F-46A96CDD90D4}.Debug|Any CPU.Build.0 = Debug|Any CPU
		{78E962C5-7F89-44A1-B35F-46A96CDD90D4}.Release|Any CPU.ActiveCfg = Release|Any CPU
		{78E962C5-7F89-44A1-B35F-46A96CDD90D4}.Release|Any CPU.Build.0 = Release|Any CPU
		{E836C613-FE7A-4723-BE9A-10C2E93B252A}.Debug|Any CPU.ActiveCfg = Debug|Any CPU
		{E836C613-FE7A-4723-BE9A-10C2E93B252A}.Debug|Any CPU.Build.0 = Debug|Any CPU
		{E836C613-FE7A-4723-BE9A-10C2E93B252A}.Release|Any CPU.ActiveCfg = Release|Any CPU
		{E836C613-FE7A-4723-BE9A-10C2E93B252A}.Release|Any CPU.Build.0 = Release|Any CPU
		{59D39753-8C85-4EBC-AC25-6213501D58FE}.Debug|Any CPU.ActiveCfg = Debug|Any CPU
		{59D39753-8C85-4EBC-AC25-6213501D58FE}.Debug|Any CPU.Build.0 = Debug|Any CPU
		{59D39753-8C85-4EBC-AC25-6213501D58FE}.Release|Any CPU.ActiveCfg = Release|Any CPU
		{59D39753-8C85-4EBC-AC25-6213501D58FE}.Release|Any CPU.Build.0 = Release|Any CPU
		{60126B0C-3CD5-4440-A08C-8D65B0C0378D}.Debug|Any CPU.ActiveCfg = Debug|Any CPU
		{60126B0C-3CD5-4440-A08C-8D65B0C0378D}.Debug|Any CPU.Build.0 = Debug|Any CPU
		{60126B0C-3CD5-4440-A08C-8D65B0C0378D}.Release|Any CPU.ActiveCfg = Release|Any CPU
		{60126B0C-3CD5-4440-A08C-8D65B0C0378D}.Release|Any CPU.Build.0 = Release|Any CPU
		{1E763F4C-394A-4773-B4E9-36F835722542}.Debug|Any CPU.ActiveCfg = Debug|Any CPU
		{1E763F4C-394A-4773-B4E9-36F835722542}.Debug|Any CPU.Build.0 = Debug|Any CPU
		{1E763F4C-394A-4773-B4E9-36F835722542}.Release|Any CPU.ActiveCfg = Release|Any CPU
		{1E763F4C-394A-4773-B4E9-36F835722542}.Release|Any CPU.Build.0 = Release|Any CPU
		{231D07A4-C52F-413A-A566-934E7A00B6B3}.Debug|Any CPU.ActiveCfg = Debug|Any CPU
		{231D07A4-C52F-413A-A566-934E7A00B6B3}.Debug|Any CPU.Build.0 = Debug|Any CPU
		{231D07A4-C52F-413A-A566-934E7A00B6B3}.Release|Any CPU.ActiveCfg = Release|Any CPU
		{231D07A4-C52F-413A-A566-934E7A00B6B3}.Release|Any CPU.Build.0 = Release|Any CPU
		{2E3E262A-606E-46A3-A5C6-815CEC46A6B9}.Debug|Any CPU.ActiveCfg = Debug|Any CPU
		{2E3E262A-606E-46A3-A5C6-815CEC46A6B9}.Debug|Any CPU.Build.0 = Debug|Any CPU
		{2E3E262A-606E-46A3-A5C6-815CEC46A6B9}.Release|Any CPU.ActiveCfg = Release|Any CPU
		{2E3E262A-606E-46A3-A5C6-815CEC46A6B9}.Release|Any CPU.Build.0 = Release|Any CPU
		{FF38E278-7FA6-43C3-8E49-3B31CA724D6F}.Debug|Any CPU.ActiveCfg = Debug|Any CPU
		{FF38E278-7FA6-43C3-8E49-3B31CA724D6F}.Debug|Any CPU.Build.0 = Debug|Any CPU
		{FF38E278-7FA6-43C3-8E49-3B31CA724D6F}.Release|Any CPU.ActiveCfg = Release|Any CPU
		{FF38E278-7FA6-43C3-8E49-3B31CA724D6F}.Release|Any CPU.Build.0 = Release|Any CPU
		{CFF9E28B-688B-45FE-A6A8-1F2CDD22587C}.Debug|Any CPU.ActiveCfg = Debug|Any CPU
		{CFF9E28B-688B-45FE-A6A8-1F2CDD22587C}.Debug|Any CPU.Build.0 = Debug|Any CPU
		{CFF9E28B-688B-45FE-A6A8-1F2CDD22587C}.Release|Any CPU.ActiveCfg = Release|Any CPU
		{CFF9E28B-688B-45FE-A6A8-1F2CDD22587C}.Release|Any CPU.Build.0 = Release|Any CPU
		{00804958-BCCA-4644-9E09-3D6F03169937}.Debug|Any CPU.ActiveCfg = Debug|Any CPU
		{00804958-BCCA-4644-9E09-3D6F03169937}.Debug|Any CPU.Build.0 = Debug|Any CPU
		{00804958-BCCA-4644-9E09-3D6F03169937}.Release|Any CPU.ActiveCfg = Release|Any CPU
		{00804958-BCCA-4644-9E09-3D6F03169937}.Release|Any CPU.Build.0 = Release|Any CPU
	EndGlobalSection
	GlobalSection(NestedProjects) = preSolution
		{78E962C5-7F89-44A1-B35F-46A96CDD90D4} = {4E5AC0ED-F019-40D0-95FE-AAEA8507D669}
		{E836C613-FE7A-4723-BE9A-10C2E93B252A} = {4E5AC0ED-F019-40D0-95FE-AAEA8507D669}
		{59D39753-8C85-4EBC-AC25-6213501D58FE} = {4E5AC0ED-F019-40D0-95FE-AAEA8507D669}
		{60126B0C-3CD5-4440-A08C-8D65B0C0378D} = {4E5AC0ED-F019-40D0-95FE-AAEA8507D669}
		{1E763F4C-394A-4773-B4E9-36F835722542} = {4E5AC0ED-F019-40D0-95FE-AAEA8507D669}
		{231D07A4-C52F-413A-A566-934E7A00B6B3} = {D9CCAA08-DB55-4C57-ABE5-46FFFF9A6E00}
		{2E3E262A-606E-46A3-A5C6-815CEC46A6B9} = {D9CCAA08-DB55-4C57-ABE5-46FFFF9A6E00}
		{FF38E278-7FA6-43C3-8E49-3B31CA724D6F} = {D9CCAA08-DB55-4C57-ABE5-46FFFF9A6E00}
		{CFF9E28B-688B-45FE-A6A8-1F2CDD22587C} = {D9CCAA08-DB55-4C57-ABE5-46FFFF9A6E00}
		{00804958-BCCA-4644-9E09-3D6F03169937} = {D9CCAA08-DB55-4C57-ABE5-46FFFF9A6E00}
	EndGlobalSection
EndGlobal
